// !$*UTF8*$!
{
	archiveVersion = 1;
	classes = {
	};
	objectVersion = 77;
	objects = {

/* Begin PBXContainerItemProxy section */
		A011574330579563008B758C /* PBXContainerItemProxy */ = {
			isa = PBXContainerItemProxy;
			containerPortal = A011572D30579561008B758C /* Project object */;
			proxyType = 1;
			remoteGlobalIDString = A011573430579561008B758C;
			remoteInfo = TakeIt;
		};
		A011574D30579563008B758C /* PBXContainerItemProxy */ = {
			isa = PBXContainerItemProxy;
			containerPortal = A011572D30579561008B758C /* Project object */;
			proxyType = 1;
			remoteGlobalIDString = A011573430579561008B758C;
			remoteInfo = TakeIt;
		};
		A011580830579563008B758C /* PBXContainerItemProxy */ = {
			isa = PBXContainerItemProxy;
			containerPortal = A011572D30579561008B758C /* Project object */;
			proxyType = 1;
			remoteGlobalIDString = A011580230579563008B758C;
			remoteInfo = TakeItShare;
		};
/* End PBXContainerItemProxy section */

/* Begin PBXBuildFile section */
		A011580B30579563008B758C /* TakeItShare.appex in Embed Foundation Extensions */ = {isa = PBXBuildFile; fileRef = A011580130579563008B758C /* TakeItShare.appex */; settings = {ATTRIBUTES = (CodeSignOnCopy, RemoveHeadersOnCopy, ); }; };
/* End PBXBuildFile section */

/* Begin PBXCopyFilesBuildPhase section */
		A011580A30579563008B758C /* Embed Foundation Extensions */ = {
			isa = PBXCopyFilesBuildPhase;
			buildActionMask = 2147483647;
			dstPath = "";
			dstSubfolderSpec = 13;
			files = (
				A011580B30579563008B758C /* TakeItShare.appex in Embed Foundation Extensions */,
			);
			name = "Embed Foundation Extensions";
			runOnlyForDeploymentPostprocessing = 0;
		};
/* End PBXCopyFilesBuildPhase section */

/* Begin PBXFileReference section */
		A011573530579561008B758C /* TakeIt.app */ = {isa = PBXFileReference; explicitFileType = wrapper.application; includeInIndex = 0; path = TakeIt.app; sourceTree = BUILT_PRODUCTS_DIR; };
		A011574230579563008B758C /* TakeItTests.xctest */ = {isa = PBXFileReference; explicitFileType = wrapper.cfbundle; includeInIndex = 0; path = TakeItTests.xctest; sourceTree = BUILT_PRODUCTS_DIR; };
		A011574C30579563008B758C /* TakeItUITests.xctest */ = {isa = PBXFileReference; explicitFileType = wrapper.cfbundle; includeInIndex = 0; path = TakeItUITests.xctest; sourceTree = BUILT_PRODUCTS_DIR; };
		A011580130579563008B758C /* TakeItShare.appex */ = {isa = PBXFileReference; explicitFileType = "wrapper.app-extension"; includeInIndex = 0; path = TakeItShare.appex; sourceTree = BUILT_PRODUCTS_DIR; };
/* End PBXFileReference section */

/* Begin PBXFileSystemSynchronizedRootGroup section */
		A011573730579561008B758C /* TakeIt */ = {
			isa = PBXFileSystemSynchronizedRootGroup;
			exceptions = (
				A011576030579563008B758C /* Exceptions for "TakeIt" folder in "TakeIt" target */,
			);
			path = TakeIt;
			sourceTree = "<group>";
		};
		A011574530579563008B758C /* TakeItTests */ = {
			isa = PBXFileSystemSynchronizedRootGroup;
			path = TakeItTests;
			sourceTree = "<group>";
		};
		A011574F30579563008B758C /* TakeItUITests */ = {
			isa = PBXFileSystemSynchronizedRootGroup;
			path = TakeItUITests;
			sourceTree = "<group>";
		};
		A011580630579563008B758C /* TakeItShare */ = {
			isa = PBXFileSystemSynchronizedRootGroup;
			exceptions = (
				A011580730579563008B758C /* Exceptions for "TakeItShare" folder in "TakeItShare" target */,
			);
			path = TakeItShare;
			sourceTree = "<group>";
		};
		A011580F30579563008B758C /* Shared */ = {
			isa = PBXFileSystemSynchronizedRootGroup;
			exceptions = (
				A011581130579563008B758C /* Exceptions for "Shared" folder in "TakeIt" target */,
				A011581230579563008B758C /* Exceptions for "Shared" folder in "TakeItShare" target */,
			);
			path = Shared;
			sourceTree = "<group>";
		};
/* End PBXFileSystemSynchronizedRootGroup section */

/* Begin PBXFileSystemSynchronizedBuildFileExceptionSet section */
		A011576030579563008B758C /* Exceptions for "TakeIt" folder in "TakeIt" target */ = {
			isa = PBXFileSystemSynchronizedBuildFileExceptionSet;
			membershipExceptions = (
				Info.plist,
				TakeIt.entitlements,
			);
			target = A011573430579561008B758C /* TakeIt */;
		};
		A011580730579563008B758C /* Exceptions for "TakeItShare" folder in "TakeItShare" target */ = {
			isa = PBXFileSystemSynchronizedBuildFileExceptionSet;
			membershipExceptions = (
				Info.plist,
			);
			target = A011580230579563008B758C /* TakeItShare */;
		};
		A011581130579563008B758C /* Exceptions for "Shared" folder in "TakeIt" target */ = {
			isa = PBXFileSystemSynchronizedBuildFileExceptionSet;
			membershipExceptions = (
			);
			target = A011573430579561008B758C /* TakeIt */;
		};
		A011581230579563008B758C /* Exceptions for "Shared" folder in "TakeItShare" target */ = {
			isa = PBXFileSystemSynchronizedBuildFileExceptionSet;
			membershipExceptions = (
			);
			target = A011580230579563008B758C /* TakeItShare */;
		};
/* End PBXFileSystemSynchronizedBuildFileExceptionSet section */

/* Begin PBXFrameworksBuildPhase section */
		A011573230579561008B758C /* Frameworks */ = {
			isa = PBXFrameworksBuildPhase;
			buildActionMask = 2147483647;
			files = (
			);
			runOnlyForDeploymentPostprocessing = 0;
		};
		A011573F30579563008B758C /* Frameworks */ = {
			isa = PBXFrameworksBuildPhase;
			buildActionMask = 2147483647;
			files = (
			);
			runOnlyForDeploymentPostprocessing = 0;
		};
		A011574930579563008B758C /* Frameworks */ = {
			isa = PBXFrameworksBuildPhase;
			buildActionMask = 2147483647;
			files = (
			);
			runOnlyForDeploymentPostprocessing = 0;
		};
		A011580430579563008B758C /* Frameworks */ = {
			isa = PBXFrameworksBuildPhase;
			buildActionMask = 2147483647;
			files = (
			);
			runOnlyForDeploymentPostprocessing = 0;
		};
/* End PBXFrameworksBuildPhase section */

/* Begin PBXGroup section */
		A011572C30579561008B758C = {
			isa = PBXGroup;
			children = (
				A011580F30579563008B758C /* Shared */,
				A011573730579561008B758C /* TakeIt */,
				A011580630579563008B758C /* TakeItShare */,
				A011574530579563008B758C /* TakeItTests */,
				A011574F30579563008B758C /* TakeItUITests */,
				A011573630579561008B758C /* Products */,
			);
			sourceTree = "<group>";
		};
		A011573630579561008B758C /* Products */ = {
			isa = PBXGroup;
			children = (
				A011573530579561008B758C /* TakeIt.app */,
				A011580130579563008B758C /* TakeItShare.appex */,
				A011574230579563008B758C /* TakeItTests.xctest */,
				A011574C30579563008B758C /* TakeItUITests.xctest */,
			);
			name = Products;
			sourceTree = "<group>";
		};
/* End PBXGroup section */

/* Begin PBXNativeTarget section */
		A011573430579561008B758C /* TakeIt */ = {
			isa = PBXNativeTarget;
			buildConfigurationList = A011575630579563008B758C /* Build configuration list for PBXNativeTarget "TakeIt" */;
			buildPhases = (
				A011573130579561008B758C /* Sources */,
				A011573230579561008B758C /* Frameworks */,
				A011573330579561008B758C /* Resources */,
				A011580A30579563008B758C /* Embed Foundation Extensions */,
			);
			buildRules = (
			);
			dependencies = (
				A011580930579563008B758C /* PBXTargetDependency */,
			);
			fileSystemSynchronizedGroups = (
				A011573730579561008B758C /* TakeIt */,
				A011580F30579563008B758C /* Shared */,
			);
			name = TakeIt;
			packageProductDependencies = (
			);
			productName = TakeIt;
			productReference = A011573530579561008B758C /* TakeIt.app */;
			productType = "com.apple.product-type.application";
		};
		A011574130579563008B758C /* TakeItTests */ = {
			isa = PBXNativeTarget;
			buildConfigurationList = A011575930579563008B758C /* Build configuration list for PBXNativeTarget "TakeItTests" */;
			buildPhases = (
				A011573E30579563008B758C /* Sources */,
				A011573F30579563008B758C /* Frameworks */,
				A011574030579563008B758C /* Resources */,
			);
			buildRules = (
			);
			dependencies = (
				A011574430579563008B758C /* PBXTargetDependency */,
			);
			fileSystemSynchronizedGroups = (
				A011574530579563008B758C /* TakeItTests */,
			);
			name = TakeItTests;
			packageProductDependencies = (
			);
			productName = TakeItTests;
			productReference = A011574230579563008B758C /* TakeItTests.xctest */;
			productType = "com.apple.product-type.bundle.unit-test";
		};
		A011574B30579563008B758C /* TakeItUITests */ = {
			isa = PBXNativeTarget;
			buildConfigurationList = A011575C30579563008B758C /* Build configuration list for PBXNativeTarget "TakeItUITests" */;
			buildPhases = (
				A011574830579563008B758C /* Sources */,
				A011574930579563008B758C /* Frameworks */,
				A011574A30579563008B758C /* Resources */,
			);
			buildRules = (
			);
			dependencies = (
				A011574E30579563008B758C /* PBXTargetDependency */,
			);
			fileSystemSynchronizedGroups = (
				A011574F30579563008B758C /* TakeItUITests */,
			);
			name = TakeItUITests;
			packageProductDependencies = (
			);
			productName = TakeItUITests;
			productReference = A011574C30579563008B758C /* TakeItUITests.xctest */;
			productType = "com.apple.product-type.bundle.ui-testing";
		};
		A011580230579563008B758C /* TakeItShare */ = {
			isa = PBXNativeTarget;
			buildConfigurationList = A011580E30579563008B758C /* Build configuration list for PBXNativeTarget "TakeItShare" */;
			buildPhases = (
				A011580330579563008B758C /* Sources */,
				A011580430579563008B758C /* Frameworks */,
				A011580530579563008B758C /* Resources */,
			);
			buildRules = (
			);
			dependencies = (
			);
			fileSystemSynchronizedGroups = (
				A011580630579563008B758C /* TakeItShare */,
				A011580F30579563008B758C /* Shared */,
			);
			name = TakeItShare;
			packageProductDependencies = (
			);
			productName = TakeItShare;
			productReference = A011580130579563008B758C /* TakeItShare.appex */;
			productType = "com.apple.product-type.app-extension";
		};
/* End PBXNativeTarget section */

/* Begin PBXProject section */
		A011572D30579561008B758C /* Project object */ = {
			isa = PBXProject;
			attributes = {
				BuildIndependentTargetsInParallel = 1;
				LastSwiftUpdateCheck = 2660;
				LastUpgradeCheck = 2660;
				TargetAttributes = {
					A011573430579561008B758C = {
						CreatedOnToolsVersion = 26.6;
					};
					A011574130579563008B758C = {
						CreatedOnToolsVersion = 26.6;
						TestTargetID = A011573430579561008B758C;
					};
					A011574B30579563008B758C = {
						CreatedOnToolsVersion = 26.6;
						TestTargetID = A011573430579561008B758C;
					};
					A011580230579563008B758C = {
						CreatedOnToolsVersion = 26.6;
					};
				};
			};
			buildConfigurationList = A011573030579561008B758C /* Build configuration list for PBXProject "TakeIt" */;
			developmentRegion = en;
			hasScannedForEncodings = 0;
			knownRegions = (
				en,
				Base,
			);
			mainGroup = A011572C30579561008B758C;
			minimizedProjectReferenceProxies = 1;
			preferredProjectObjectVersion = 77;
			productRefGroup = A011573630579561008B758C /* Products */;
			projectDirPath = "";
			projectRoot = "";
			targets = (
				A011573430579561008B758C /* TakeIt */,
				A011580230579563008B758C /* TakeItShare */,
				A011574130579563008B758C /* TakeItTests */,
				A011574B30579563008B758C /* TakeItUITests */,
			);
		};
/* End PBXProject section */

/* Begin PBXResourcesBuildPhase section */
		A011573330579561008B758C /* Resources */ = {
			isa = PBXResourcesBuildPhase;
			buildActionMask = 2147483647;
			files = (
			);
			runOnlyForDeploymentPostprocessing = 0;
		};
		A011574030579563008B758C /* Resources */ = {
			isa = PBXResourcesBuildPhase;
			buildActionMask = 2147483647;
			files = (
			);
			runOnlyForDeploymentPostprocessing = 0;
		};
		A011574A30579563008B758C /* Resources */ = {
			isa = PBXResourcesBuildPhase;
			buildActionMask = 2147483647;
			files = (
			);
			runOnlyForDeploymentPostprocessing = 0;
		};
		A011580530579563008B758C /* Resources */ = {
			isa = PBXResourcesBuildPhase;
			buildActionMask = 2147483647;
			files = (
			);
			runOnlyForDeploymentPostprocessing = 0;
		};
/* End PBXResourcesBuildPhase section */

/* Begin PBXSourcesBuildPhase section */
		A011573130579561008B758C /* Sources */ = {
			isa = PBXSourcesBuildPhase;
			buildActionMask = 2147483647;
			files = (
			);
			runOnlyForDeploymentPostprocessing = 0;
		};
		A011573E30579563008B758C /* Sources */ = {
			isa = PBXSourcesBuildPhase;
			buildActionMask = 2147483647;
			files = (
			);
			runOnlyForDeploymentPostprocessing = 0;
		};
		A011574830579563008B758C /* Sources */ = {
			isa = PBXSourcesBuildPhase;
			buildActionMask = 2147483647;
			files = (
			);
			runOnlyForDeploymentPostprocessing = 0;
		};
		A011580330579563008B758C /* Sources */ = {
			isa = PBXSourcesBuildPhase;
			buildActionMask = 2147483647;
			files = (
			);
			runOnlyForDeploymentPostprocessing = 0;
		};
/* End PBXSourcesBuildPhase section */

/* Begin PBXTargetDependency section */
		A011574430579563008B758C /* PBXTargetDependency */ = {
			isa = PBXTargetDependency;
			target = A011573430579561008B758C /* TakeIt */;
			targetProxy = A011574330579563008B758C /* PBXContainerItemProxy */;
		};
		A011574E30579563008B758C /* PBXTargetDependency */ = {
			isa = PBXTargetDependency;
			target = A011573430579561008B758C /* TakeIt */;
			targetProxy = A011574D30579563008B758C /* PBXContainerItemProxy */;
		};
		A011580930579563008B758C /* PBXTargetDependency */ = {
			isa = PBXTargetDependency;
			target = A011580230579563008B758C /* TakeItShare */;
			targetProxy = A011580830579563008B758C /* PBXContainerItemProxy */;
		};
/* End PBXTargetDependency section */

/* Begin XCBuildConfiguration section */
		A011575430579563008B758C /* Debug */ = {
			isa = XCBuildConfiguration;
			buildSettings = {
				ALWAYS_SEARCH_USER_PATHS = NO;
				ASSETCATALOG_COMPILER_GENERATE_SWIFT_ASSET_SYMBOL_EXTENSIONS = YES;
				CLANG_ANALYZER_NONNULL = YES;
				CLANG_ANALYZER_NUMBER_OBJECT_CONVERSION = YES_AGGRESSIVE;
				CLANG_CXX_LANGUAGE_STANDARD = "gnu++20";
				CLANG_ENABLE_MODULES = YES;
				CLANG_ENABLE_OBJC_ARC = YES;
				CLANG_ENABLE_OBJC_WEAK = YES;
				CLANG_WARN_BLOCK_CAPTURE_AUTORELEASING = YES;
				CLANG_WARN_BOOL_CONVERSION = YES;
				CLANG_WARN_COMMA = YES;
				CLANG_WARN_CONSTANT_CONVERSION = YES;
				CLANG_WARN_DEPRECATED_OBJC_IMPLEMENTATIONS = YES;
				CLANG_WARN_DIRECT_OBJC_ISA_USAGE = YES_ERROR;
				CLANG_WARN_DOCUMENTATION_COMMENTS = YES;
				CLANG_WARN_EMPTY_BODY = YES;
				CLANG_WARN_ENUM_CONVERSION = YES;
				CLANG_WARN_INFINITE_RECURSION = YES;
				CLANG_WARN_INT_CONVERSION = YES;
				CLANG_WARN_NON_LITERAL_NULL_CONVERSION = YES;
				CLANG_WARN_OBJC_IMPLICIT_RETAIN_SELF = YES;
				CLANG_WARN_OBJC_LITERAL_CONVERSION = YES;
				CLANG_WARN_OBJC_ROOT_CLASS = YES_ERROR;
				CLANG_WARN_QUOTED_INCLUDE_IN_FRAMEWORK_HEADER = YES;
				CLANG_WARN_RANGE_LOOP_ANALYSIS = YES;
				CLANG_WARN_STRICT_PROTOTYPES = YES;
				CLANG_WARN_SUSPICIOUS_MOVE = YES;
				CLANG_WARN_UNGUARDED_AVAILABILITY = YES_AGGRESSIVE;
				CLANG_WARN_UNREACHABLE_CODE = YES;
				CLANG_WARN__DUPLICATE_METHOD_MATCH = YES;
				COPY_PHASE_STRIP = NO;
				DEBUG_INFORMATION_FORMAT = dwarf;
				DEVELOPMENT_TEAM = YACSVQ6U8M;
				ENABLE_STRICT_OBJC_MSGSEND = YES;
				ENABLE_TESTABILITY = YES;
				ENABLE_USER_SCRIPT_SANDBOXING = YES;
				GCC_C_LANGUAGE_STANDARD = gnu17;
				GCC_DYNAMIC_NO_PIC = NO;
				GCC_NO_COMMON_BLOCKS = YES;
				GCC_OPTIMIZATION_LEVEL = 0;
				GCC_PREPROCESSOR_DEFINITIONS = (
					"DEBUG=1",
					"$(inherited)",
				);
				GCC_WARN_64_TO_32_BIT_CONVERSION = YES;
				GCC_WARN_ABOUT_RETURN_TYPE = YES_ERROR;
				GCC_WARN_UNDECLARED_SELECTOR = YES;
				GCC_WARN_UNINITIALIZED_AUTOS = YES_AGGRESSIVE;
				GCC_WARN_UNUSED_FUNCTION = YES;
				GCC_WARN_UNUSED_VARIABLE = YES;
				LOCALIZATION_PREFERS_STRING_CATALOGS = YES;
				MTL_ENABLE_DEBUG_INFO = INCLUDE_SOURCE;
				MTL_FAST_MATH = YES;
				ONLY_ACTIVE_ARCH = YES;
				SWIFT_ACTIVE_COMPILATION_CONDITIONS = "DEBUG $(inherited)";
				SWIFT_OPTIMIZATION_LEVEL = "-Onone";
			};
			name = Debug;
		};
		A011575530579563008B758C /* Release */ = {
			isa = XCBuildConfiguration;
			buildSettings = {
				ALWAYS_SEARCH_USER_PATHS = NO;
				ASSETCATALOG_COMPILER_GENERATE_SWIFT_ASSET_SYMBOL_EXTENSIONS = YES;
				CLANG_ANALYZER_NONNULL = YES;
				CLANG_ANALYZER_NUMBER_OBJECT_CONVERSION = YES_AGGRESSIVE;
				CLANG_CXX_LANGUAGE_STANDARD = "gnu++20";
				CLANG_ENABLE_MODULES = YES;
				CLANG_ENABLE_OBJC_ARC = YES;
				CLANG_ENABLE_OBJC_WEAK = YES;
				CLANG_WARN_BLOCK_CAPTURE_AUTORELEASING = YES;
				CLANG_WARN_BOOL_CONVERSION = YES;
				CLANG_WARN_COMMA = YES;
				CLANG_WARN_CONSTANT_CONVERSION = YES;
				CLANG_WARN_DEPRECATED_OBJC_IMPLEMENTATIONS = YES;
				CLANG_WARN_DIRECT_OBJC_ISA_USAGE = YES_ERROR;
				CLANG_WARN_DOCUMENTATION_COMMENTS = YES;
				CLANG_WARN_EMPTY_BODY = YES;
				CLANG_WARN_ENUM_CONVERSION = YES;
				CLANG_WARN_INFINITE_RECURSION = YES;
				CLANG_WARN_INT_CONVERSION = YES;
				CLANG_WARN_NON_LITERAL_NULL_CONVERSION = YES;
				CLANG_WARN_OBJC_IMPLICIT_RETAIN_SELF = YES;
				CLANG_WARN_OBJC_LITERAL_CONVERSION = YES;
				CLANG_WARN_OBJC_ROOT_CLASS = YES_ERROR;
				CLANG_WARN_QUOTED_INCLUDE_IN_FRAMEWORK_HEADER = YES;
				CLANG_WARN_RANGE_LOOP_ANALYSIS = YES;
				CLANG_WARN_STRICT_PROTOTYPES = YES;
				CLANG_WARN_SUSPICIOUS_MOVE = YES;
				CLANG_WARN_UNGUARDED_AVAILABILITY = YES_AGGRESSIVE;
				CLANG_WARN_UNREACHABLE_CODE = YES;
				CLANG_WARN__DUPLICATE_METHOD_MATCH = YES;
				COPY_PHASE_STRIP = NO;
				DEBUG_INFORMATION_FORMAT = "dwarf-with-dsym";
				DEVELOPMENT_TEAM = YACSVQ6U8M;
				ENABLE_NS_ASSERTIONS = NO;
				ENABLE_STRICT_OBJC_MSGSEND = YES;
				ENABLE_USER_SCRIPT_SANDBOXING = YES;
				GCC_C_LANGUAGE_STANDARD = gnu17;
				GCC_NO_COMMON_BLOCKS = YES;
				GCC_WARN_64_TO_32_BIT_CONVERSION = YES;
				GCC_WARN_ABOUT_RETURN_TYPE = YES_ERROR;
				GCC_WARN_UNDECLARED_SELECTOR = YES;
				GCC_WARN_UNINITIALIZED_AUTOS = YES_AGGRESSIVE;
				GCC_WARN_UNUSED_FUNCTION = YES;
				GCC_WARN_UNUSED_VARIABLE = YES;
				LOCALIZATION_PREFERS_STRING_CATALOGS = YES;
				MTL_ENABLE_DEBUG_INFO = NO;
				MTL_FAST_MATH = YES;
				SWIFT_COMPILATION_MODE = wholemodule;
			};
			name = Release;
		};
		A011575730579563008B758C /* Debug */ = {
			isa = XCBuildConfiguration;
			buildSettings = {
				ASSETCATALOG_COMPILER_APPICON_NAME = AppIcon;
				ASSETCATALOG_COMPILER_GLOBAL_ACCENT_COLOR_NAME = AccentColor;
				"CODE_SIGN_ENTITLEMENTS[sdk=macosx*]" = TakeIt/TakeIt.entitlements;
				CODE_SIGN_STYLE = Automatic;
				CURRENT_PROJECT_VERSION = 1;
				DEVELOPMENT_TEAM = YACSVQ6U8M;
				ENABLE_APP_SANDBOX = NO;
				"ENABLE_APP_SANDBOX[sdk=macosx*]" = YES;
				ENABLE_DEBUG_DYLIB = NO;
				ENABLE_HARDENED_RUNTIME = NO;
				"ENABLE_HARDENED_RUNTIME[sdk=macosx*]" = YES;
				ENABLE_OUTGOING_NETWORK = YES;
				ENABLE_PREVIEWS = YES;
				ENABLE_USER_SELECTED_FILES = readwrite;
				GENERATE_INFOPLIST_FILE = YES;
				INFOPLIST_FILE = TakeIt/Info.plist;
				INFOPLIST_KEY_UIApplicationSupportsMultipleScenes = NO;
				"INFOPLIST_KEY_UIApplicationSceneManifest_Generation[sdk=iphoneos*]" = YES;
				"INFOPLIST_KEY_UIApplicationSceneManifest_Generation[sdk=iphonesimulator*]" = YES;
				"INFOPLIST_KEY_UIApplicationSupportsIndirectInputEvents[sdk=iphoneos*]" = YES;
				"INFOPLIST_KEY_UIApplicationSupportsIndirectInputEvents[sdk=iphonesimulator*]" = YES;
				"INFOPLIST_KEY_UILaunchScreen_Generation[sdk=iphoneos*]" = YES;
				"INFOPLIST_KEY_UILaunchScreen_Generation[sdk=iphonesimulator*]" = YES;
				INFOPLIST_KEY_NSPhotoLibraryAddUsageDescription = "TakeIt 需要将解析出的图片和视频保存到相册。";
				INFOPLIST_KEY_NSPhotoLibraryUsageDescription = "TakeIt 需要将解析出的图片和视频保存到相册。";
				"INFOPLIST_KEY_UIStatusBarStyle[sdk=iphoneos*]" = UIStatusBarStyleDefault;
				"INFOPLIST_KEY_UIStatusBarStyle[sdk=iphonesimulator*]" = UIStatusBarStyleDefault;
				INFOPLIST_KEY_UISupportedInterfaceOrientations_iPad = "UIInterfaceOrientationPortrait UIInterfaceOrientationPortraitUpsideDown UIInterfaceOrientationLandscapeLeft UIInterfaceOrientationLandscapeRight";
				INFOPLIST_KEY_UISupportedInterfaceOrientations_iPhone = "UIInterfaceOrientationPortrait UIInterfaceOrientationLandscapeLeft UIInterfaceOrientationLandscapeRight";
				IPHONEOS_DEPLOYMENT_TARGET = 26.5;
				LD_RUNPATH_SEARCH_PATHS = "@executable_path/Frameworks";
				"LD_RUNPATH_SEARCH_PATHS[sdk=macosx*]" = "@executable_path/../Frameworks";
				MACOSX_DEPLOYMENT_TARGET = 26.5;
				MARKETING_VERSION = 1.0;
				PRODUCT_BUNDLE_IDENTIFIER = tenenzzzz.TakeIt;
				PRODUCT_NAME = "$(TARGET_NAME)";
				REGISTER_APP_GROUPS = NO;
				SDKROOT = iphoneos;
				STRING_CATALOG_GENERATE_SYMBOLS = YES;
				SUPPORTED_PLATFORMS = "iphoneos iphonesimulator";
				SUPPORTS_MACCATALYST = NO;
				SWIFT_APPROACHABLE_CONCURRENCY = YES;
				SWIFT_DEFAULT_ACTOR_ISOLATION = MainActor;
				SWIFT_EMIT_LOC_STRINGS = YES;
				SWIFT_UPCOMING_FEATURE_MEMBER_IMPORT_VISIBILITY = YES;
				SWIFT_VERSION = 5.0;
				TARGETED_DEVICE_FAMILY = "1,2";
			};
			name = Debug;
		};
		A011575830579563008B758C /* Release */ = {
			isa = XCBuildConfiguration;
			buildSettings = {
				ASSETCATALOG_COMPILER_APPICON_NAME = AppIcon;
				ASSETCATALOG_COMPILER_GLOBAL_ACCENT_COLOR_NAME = AccentColor;
				"CODE_SIGN_ENTITLEMENTS[sdk=macosx*]" = TakeIt/TakeIt.entitlements;
				CODE_SIGN_STYLE = Automatic;
				CURRENT_PROJECT_VERSION = 1;
				DEVELOPMENT_TEAM = YACSVQ6U8M;
				ENABLE_APP_SANDBOX = NO;
				"ENABLE_APP_SANDBOX[sdk=macosx*]" = YES;
				ENABLE_DEBUG_DYLIB = NO;
				ENABLE_HARDENED_RUNTIME = NO;
				"ENABLE_HARDENED_RUNTIME[sdk=macosx*]" = YES;
				ENABLE_OUTGOING_NETWORK = YES;
				ENABLE_PREVIEWS = YES;
				ENABLE_USER_SELECTED_FILES = readwrite;
				GENERATE_INFOPLIST_FILE = YES;
				INFOPLIST_FILE = TakeIt/Info.plist;
				INFOPLIST_KEY_UIApplicationSupportsMultipleScenes = NO;
				"INFOPLIST_KEY_UIApplicationSceneManifest_Generation[sdk=iphoneos*]" = YES;
				"INFOPLIST_KEY_UIApplicationSceneManifest_Generation[sdk=iphonesimulator*]" = YES;
				"INFOPLIST_KEY_UIApplicationSupportsIndirectInputEvents[sdk=iphoneos*]" = YES;
				"INFOPLIST_KEY_UIApplicationSupportsIndirectInputEvents[sdk=iphonesimulator*]" = YES;
				"INFOPLIST_KEY_UILaunchScreen_Generation[sdk=iphoneos*]" = YES;
				"INFOPLIST_KEY_UILaunchScreen_Generation[sdk=iphonesimulator*]" = YES;
				INFOPLIST_KEY_NSPhotoLibraryAddUsageDescription = "TakeIt 需要将解析出的图片和视频保存到相册。";
				INFOPLIST_KEY_NSPhotoLibraryUsageDescription = "TakeIt 需要将解析出的图片和视频保存到相册。";
				"INFOPLIST_KEY_UIStatusBarStyle[sdk=iphoneos*]" = UIStatusBarStyleDefault;
				"INFOPLIST_KEY_UIStatusBarStyle[sdk=iphonesimulator*]" = UIStatusBarStyleDefault;
				INFOPLIST_KEY_UISupportedInterfaceOrientations_iPad = "UIInterfaceOrientationPortrait UIInterfaceOrientationPortraitUpsideDown UIInterfaceOrientationLandscapeLeft UIInterfaceOrientationLandscapeRight";
				INFOPLIST_KEY_UISupportedInterfaceOrientations_iPhone = "UIInterfaceOrientationPortrait UIInterfaceOrientationLandscapeLeft UIInterfaceOrientationLandscapeRight";
				IPHONEOS_DEPLOYMENT_TARGET = 26.5;
				LD_RUNPATH_SEARCH_PATHS = "@executable_path/Frameworks";
				"LD_RUNPATH_SEARCH_PATHS[sdk=macosx*]" = "@executable_path/../Frameworks";
				MACOSX_DEPLOYMENT_TARGET = 26.5;
				MARKETING_VERSION = 1.0;
				PRODUCT_BUNDLE_IDENTIFIER = tenenzzzz.TakeIt;
				PRODUCT_NAME = "$(TARGET_NAME)";
				REGISTER_APP_GROUPS = NO;
				SDKROOT = iphoneos;
				STRING_CATALOG_GENERATE_SYMBOLS = YES;
				SUPPORTED_PLATFORMS = "iphoneos iphonesimulator";
				SUPPORTS_MACCATALYST = NO;
				SWIFT_APPROACHABLE_CONCURRENCY = YES;
				SWIFT_DEFAULT_ACTOR_ISOLATION = MainActor;
				SWIFT_EMIT_LOC_STRINGS = YES;
				SWIFT_UPCOMING_FEATURE_MEMBER_IMPORT_VISIBILITY = YES;
				SWIFT_VERSION = 5.0;
				TARGETED_DEVICE_FAMILY = "1,2";
			};
			name = Release;
		};
		A011575A30579563008B758C /* Debug */ = {
			isa = XCBuildConfiguration;
			buildSettings = {
				BUNDLE_LOADER = "$(TEST_HOST)";
				CODE_SIGN_STYLE = Automatic;
				CURRENT_PROJECT_VERSION = 1;
				DEVELOPMENT_TEAM = YACSVQ6U8M;
				GENERATE_INFOPLIST_FILE = YES;
				IPHONEOS_DEPLOYMENT_TARGET = 26.5;
				MACOSX_DEPLOYMENT_TARGET = 26.5;
				MARKETING_VERSION = 1.0;
				PRODUCT_BUNDLE_IDENTIFIER = tenenzzzz.TakeItTests;
				PRODUCT_NAME = "$(TARGET_NAME)";
				SDKROOT = auto;
				STRING_CATALOG_GENERATE_SYMBOLS = NO;
				SUPPORTED_PLATFORMS = "iphoneos iphonesimulator macosx xros xrsimulator";
				SWIFT_APPROACHABLE_CONCURRENCY = YES;
				SWIFT_EMIT_LOC_STRINGS = NO;
				SWIFT_UPCOMING_FEATURE_MEMBER_IMPORT_VISIBILITY = YES;
				SWIFT_VERSION = 5.0;
				TARGETED_DEVICE_FAMILY = "1,2,7";
				TEST_HOST = "$(BUILT_PRODUCTS_DIR)/TakeIt.app/$(BUNDLE_EXECUTABLE_FOLDER_PATH)/TakeIt";
				XROS_DEPLOYMENT_TARGET = 26.5;
			};
			name = Debug;
		};
		A011575B30579563008B758C /* Release */ = {
			isa = XCBuildConfiguration;
			buildSettings = {
				BUNDLE_LOADER = "$(TEST_HOST)";
				CODE_SIGN_STYLE = Automatic;
				CURRENT_PROJECT_VERSION = 1;
				DEVELOPMENT_TEAM = YACSVQ6U8M;
				GENERATE_INFOPLIST_FILE = YES;
				IPHONEOS_DEPLOYMENT_TARGET = 26.5;
				MACOSX_DEPLOYMENT_TARGET = 26.5;
				MARKETING_VERSION = 1.0;
				PRODUCT_BUNDLE_IDENTIFIER = tenenzzzz.TakeItTests;
				PRODUCT_NAME = "$(TARGET_NAME)";
				SDKROOT = auto;
				STRING_CATALOG_GENERATE_SYMBOLS = NO;
				SUPPORTED_PLATFORMS = "iphoneos iphonesimulator macosx xros xrsimulator";
				SWIFT_APPROACHABLE_CONCURRENCY = YES;
				SWIFT_EMIT_LOC_STRINGS = NO;
				SWIFT_UPCOMING_FEATURE_MEMBER_IMPORT_VISIBILITY = YES;
				SWIFT_VERSION = 5.0;
				TARGETED_DEVICE_FAMILY = "1,2,7";
				TEST_HOST = "$(BUILT_PRODUCTS_DIR)/TakeIt.app/$(BUNDLE_EXECUTABLE_FOLDER_PATH)/TakeIt";
				XROS_DEPLOYMENT_TARGET = 26.5;
			};
			name = Release;
		};
		A011575D30579563008B758C /* Debug */ = {
			isa = XCBuildConfiguration;
			buildSettings = {
				CODE_SIGN_STYLE = Automatic;
				CURRENT_PROJECT_VERSION = 1;
				DEVELOPMENT_TEAM = YACSVQ6U8M;
				GENERATE_INFOPLIST_FILE = YES;
				IPHONEOS_DEPLOYMENT_TARGET = 26.5;
				MACOSX_DEPLOYMENT_TARGET = 26.5;
				MARKETING_VERSION = 1.0;
				PRODUCT_BUNDLE_IDENTIFIER = tenenzzzz.TakeItUITests;
				PRODUCT_NAME = "$(TARGET_NAME)";
				SDKROOT = auto;
				STRING_CATALOG_GENERATE_SYMBOLS = NO;
				SUPPORTED_PLATFORMS = "iphoneos iphonesimulator macosx xros xrsimulator";
				SWIFT_APPROACHABLE_CONCURRENCY = YES;
				SWIFT_EMIT_LOC_STRINGS = NO;
				SWIFT_UPCOMING_FEATURE_MEMBER_IMPORT_VISIBILITY = YES;
				SWIFT_VERSION = 5.0;
				TARGETED_DEVICE_FAMILY = "1,2,7";
				TEST_TARGET_NAME = TakeIt;
				XROS_DEPLOYMENT_TARGET = 26.5;
			};
			name = Debug;
		};
		A011575E30579563008B758C /* Release */ = {
			isa = XCBuildConfiguration;
			buildSettings = {
				CODE_SIGN_STYLE = Automatic;
				CURRENT_PROJECT_VERSION = 1;
				DEVELOPMENT_TEAM = YACSVQ6U8M;
				GENERATE_INFOPLIST_FILE = YES;
				IPHONEOS_DEPLOYMENT_TARGET = 26.5;
				MACOSX_DEPLOYMENT_TARGET = 26.5;
				MARKETING_VERSION = 1.0;
				PRODUCT_BUNDLE_IDENTIFIER = tenenzzzz.TakeItUITests;
				PRODUCT_NAME = "$(TARGET_NAME)";
				SDKROOT = auto;
				STRING_CATALOG_GENERATE_SYMBOLS = NO;
				SUPPORTED_PLATFORMS = "iphoneos iphonesimulator macosx xros xrsimulator";
				SWIFT_APPROACHABLE_CONCURRENCY = YES;
				SWIFT_EMIT_LOC_STRINGS = NO;
				SWIFT_UPCOMING_FEATURE_MEMBER_IMPORT_VISIBILITY = YES;
				SWIFT_VERSION = 5.0;
				TARGETED_DEVICE_FAMILY = "1,2,7";
				TEST_TARGET_NAME = TakeIt;
				XROS_DEPLOYMENT_TARGET = 26.5;
			};
			name = Release;
		};
		A011580C30579563008B758C /* Debug */ = {
			isa = XCBuildConfiguration;
			buildSettings = {
				APPLICATION_EXTENSION_API_ONLY = YES;
				CODE_SIGN_STYLE = Automatic;
				CURRENT_PROJECT_VERSION = 1;
				DEVELOPMENT_TEAM = YACSVQ6U8M;
				GENERATE_INFOPLIST_FILE = YES;
				INFOPLIST_FILE = TakeItShare/Info.plist;
				INFOPLIST_KEY_CFBundleDisplayName = TakeIt;
				INFOPLIST_KEY_NSHumanReadableCopyright = "";
				IPHONEOS_DEPLOYMENT_TARGET = 26.5;
				LD_RUNPATH_SEARCH_PATHS = (
					"$(inherited)",
					"@executable_path/Frameworks",
					"@executable_path/../../Frameworks",
				);
				MARKETING_VERSION = 1.0;
				PRODUCT_BUNDLE_IDENTIFIER = tenenzzzz.TakeIt.Share;
				PRODUCT_NAME = "$(TARGET_NAME)";
				SDKROOT = iphoneos;
				SKIP_INSTALL = YES;
				STRING_CATALOG_GENERATE_SYMBOLS = YES;
				SUPPORTED_PLATFORMS = "iphoneos iphonesimulator";
				SUPPORTS_MACCATALYST = NO;
				SWIFT_APPROACHABLE_CONCURRENCY = YES;
				SWIFT_DEFAULT_ACTOR_ISOLATION = MainActor;
				SWIFT_EMIT_LOC_STRINGS = YES;
				SWIFT_UPCOMING_FEATURE_MEMBER_IMPORT_VISIBILITY = YES;
				SWIFT_VERSION = 5.0;
				TARGETED_DEVICE_FAMILY = "1,2";
			};
			name = Debug;
		};
		A011580D30579563008B758C /* Release */ = {
			isa = XCBuildConfiguration;
			buildSettings = {
				APPLICATION_EXTENSION_API_ONLY = YES;
				CODE_SIGN_STYLE = Automatic;
				CURRENT_PROJECT_VERSION = 1;
				DEVELOPMENT_TEAM = YACSVQ6U8M;
				GENERATE_INFOPLIST_FILE = YES;
				INFOPLIST_FILE = TakeItShare/Info.plist;
				INFOPLIST_KEY_CFBundleDisplayName = TakeIt;
				INFOPLIST_KEY_NSHumanReadableCopyright = "";
				IPHONEOS_DEPLOYMENT_TARGET = 26.5;
				LD_RUNPATH_SEARCH_PATHS = (
					"$(inherited)",
					"@executable_path/Frameworks",
					"@executable_path/../../Frameworks",
				);
				MARKETING_VERSION = 1.0;
				PRODUCT_BUNDLE_IDENTIFIER = tenenzzzz.TakeIt.Share;
				PRODUCT_NAME = "$(TARGET_NAME)";
				SDKROOT = iphoneos;
				SKIP_INSTALL = YES;
				STRING_CATALOG_GENERATE_SYMBOLS = YES;
				SUPPORTED_PLATFORMS = "iphoneos iphonesimulator";
				SUPPORTS_MACCATALYST = NO;
				SWIFT_APPROACHABLE_CONCURRENCY = YES;
				SWIFT_DEFAULT_ACTOR_ISOLATION = MainActor;
				SWIFT_EMIT_LOC_STRINGS = YES;
				SWIFT_UPCOMING_FEATURE_MEMBER_IMPORT_VISIBILITY = YES;
				SWIFT_VERSION = 5.0;
				TARGETED_DEVICE_FAMILY = "1,2";
			};
			name = Release;
		};
/* End XCBuildConfiguration section */

/* Begin XCConfigurationList section */
		A011573030579561008B758C /* Build configuration list for PBXProject "TakeIt" */ = {
			isa = XCConfigurationList;
			buildConfigurations = (
				A011575430579563008B758C /* Debug */,
				A011575530579563008B758C /* Release */,
			);
			defaultConfigurationIsVisible = 0;
			defaultConfigurationName = Release;
		};
		A011575630579563008B758C /* Build configuration list for PBXNativeTarget "TakeIt" */ = {
			isa = XCConfigurationList;
			buildConfigurations = (
				A011575730579563008B758C /* Debug */,
				A011575830579563008B758C /* Release */,
			);
			defaultConfigurationIsVisible = 0;
			defaultConfigurationName = Release;
		};
		A011575930579563008B758C /* Build configuration list for PBXNativeTarget "TakeItTests" */ = {
			isa = XCConfigurationList;
			buildConfigurations = (
				A011575A30579563008B758C /* Debug */,
				A011575B30579563008B758C /* Release */,
			);
			defaultConfigurationIsVisible = 0;
			defaultConfigurationName = Release;
		};
		A011575C30579563008B758C /* Build configuration list for PBXNativeTarget "TakeItUITests" */ = {
			isa = XCConfigurationList;
			buildConfigurations = (
				A011575D30579563008B758C /* Debug */,
				A011575E30579563008B758C /* Release */,
			);
			defaultConfigurationIsVisible = 0;
			defaultConfigurationName = Release;
		};
		A011580E30579563008B758C /* Build configuration list for PBXNativeTarget "TakeItShare" */ = {
			isa = XCConfigurationList;
			buildConfigurations = (
				A011580C30579563008B758C /* Debug */,
				A011580D30579563008B758C /* Release */,
			);
			defaultConfigurationIsVisible = 0;
			defaultConfigurationName = Release;
		};
/* End XCConfigurationList section */
	};
	rootObject = A011572D30579561008B758C /* Project object */;
}
